<Solution>
  <Folder Name="/src/">
    <Project Path="src/CoachGame.Api/CoachGame.Api.csproj" />
    <Project Path="src/CoachGame.Application/CoachGame.Application.csproj" />
    <Project Path="src/CoachGame.Domain/CoachGame.Domain.csproj" />
    <Project Path="src/CoachGame.Infrastructure/CoachGame.Infrastructure.csproj" />
  </Folder>
  <Folder Name="/tests/">
    <Project Path="tests/CoachGame.Tests/CoachGame.Tests.csproj" />
  </Folder>
</Solution>
